Microsoft Visual Studio Solution File, Format Version 11.00
# Visual Studio 2008

Project("{0C3441BC-47D2-1285-B6A7-4D00F85FCFF4}") = "3Dvs2D_vr", "Assembly-CSharp-firstpass.csproj", "{07CFAC0E-4CAC-6CD5-6867-A182EA648AD3}"
EndProject
Project("{0C3441BC-47D2-1285-B6A7-4D00F85FCFF4}") = "3Dvs2D_vr", "Assembly-CSharp.csproj", "{CFF9E43B-C07A-E642-645B-CC54079D2C7D}"
EndProject
Project("{0C3441BC-47D2-1285-B6A7-4D00F85FCFF4}") = "3Dvs2D_vr", "Assembly-CSharp-Editor.csproj", "{E87DFDF0-8B08-7C49-7725-DA3F464CE35E}"
EndProject
Global
	GlobalSection(SolutionConfigurationPlatforms) = preSolution
		Debug|Any CPU = Debug|Any CPU
		Release|Any CPU = Release|Any CPU
	EndGlobalSection
	GlobalSection(ProjectConfigurationPlatforms) = postSolution
		{07CFAC0E-4CAC-6CD5-6867-A182EA648AD3}.Debug|Any CPU.ActiveCfg = Debug|Any CPU
		{07CFAC0E-4CAC-6CD5-6867-A182EA648AD3}.Debug|Any CPU.Build.0 = Debug|Any CPU
		{07CFAC0E-4CAC-6CD5-6867-A182EA648AD3}.Release|Any CPU.ActiveCfg = Release|Any CPU
		{07CFAC0E-4CAC-6CD5-6867-A182EA648AD3}.Release|Any CPU.Build.0 = Release|Any CPU
		{CFF9E43B-C07A-E642-645B-CC54079D2C7D}.Debug|Any CPU.ActiveCfg = Debug|Any CPU
		{CFF9E43B-C07A-E642-645B-CC54079D2C7D}.Debug|Any CPU.Build.0 = Debug|Any CPU
		{CFF9E43B-C07A-E642-645B-CC54079D2C7D}.Release|Any CPU.ActiveCfg = Release|Any CPU
		{CFF9E43B-C07A-E642-645B-CC54079D2C7D}.Release|Any CPU.Build.0 = Release|Any CPU
		{E87DFDF0-8B08-7C49-7725-DA3F464CE35E}.Debug|Any CPU.ActiveCfg = Debug|Any CPU
		{E87DFDF0-8B08-7C49-7725-DA3F464CE35E}.Debug|Any CPU.Build.0 = Debug|Any CPU
		{E87DFDF0-8B08-7C49-7725-DA3F464CE35E}.Release|Any CPU.ActiveCfg = Release|Any CPU
		{E87DFDF0-8B08-7C49-7725-DA3F464CE35E}.Release|Any CPU.Build.0 = Release|Any CPU
	EndGlobalSection
	GlobalSection(SolutionProperties) = preSolution
		HideSolutionNode = FALSE
	EndGlobalSection
	GlobalSection(MonoDevelopProperties) = preSolution
		StartupItem = Assembly-CSharp.csproj
	EndGlobalSection
EndGlobal
